# This file is automatically @generated by Cargo.
# It is not intended for manual editing.
version = 4

[[package]]
name = "bitflags"
version = "2.13.2"
source = "registry+https://github.com/rust-lang/crates.io-index"
checksum = "3ded4057c258ba199e2d26386d3af3780957ecaee6c4ef4041c6b4b8b97c0b06"

[[package]]
name = "chip8-emulator"
version = "0.1.0"
dependencies = [
 "sdl3",
]

[[package]]
name = "libc"
version = "0.2.189"
source = "registry+https://github.com/rust-lang/crates.io-index"
checksum = "3eaf3ede3fee6db1a4c2ee091bf8a8b4dccdc6d17f656fb07896ee72867612f2"

[[package]]
name = "pkg-config"
version = "0.3.34"
source = "registry+https://github.com/rust-lang/crates.io-index"
checksum = "f6b464fbc74e149a392436b17d523f769e057cb6877f6a5c4618bc6f11800548"

[[package]]
name = "sdl3"
version = "0.20.0"
source = "registry+https://github.com/rust-lang/crates.io-index"
checksum = "f90c470b564b34e7f9ff0719ed7dc05ec71bc73fa4b28e0750a17b8987cf45f8"
dependencies = [
 "bitflags",
 "libc",
 "sdl3-sys",
]

[[package]]
name = "sdl3-sys"
version = "0.7.1+SDL-3.4.16"
source = "registry+https://github.com/rust-lang/crates.io-index"
checksum = "6c10781cd13b03f18f26af765c9909ac64d362fd645c4fa92db51685c834cf8b"
dependencies = [
 "pkg-config",
 "vcpkg",
]

[[package]]
name = "vcpkg"
version = "0.2.15"
source = "registry+https://github.com/rust-lang/crates.io-index"
checksum = "accd4ea62f7bb7a82fe23066fb0957d48ef677f6eeb8215f372f52e48bb32426"
